{
    "version": 3,
    "terraform_version": "0.7.7",
    "serial": 17,
    "lineage": "9f8366a0-6ee7-4fdc-a7f0-ba2120800beb",
    "modules": [
        {
            "path": [
                "root"
            ],
            "outputs": {},
            "resources": {
                "aws_dynamodb_table.Dynalock_basic-dynamodb-table": {
                    "type": "aws_dynamodb_table",
                    "depends_on": [],
                    "primary": {
                        "id": "Dynalock_ratelock",
                        "attributes": {
                            "arn": "arn:aws:dynamodb:us-east-1:561759691730:table/Dynalock_ratelock",
                            "attribute.#": "1",
                            "attribute.1497631073.name": "username",
                            "attribute.1497631073.type": "S",
                            "global_secondary_index.#": "0",
                            "hash_key": "username",
                            "id": "Dynalock_ratelock",
                            "local_secondary_index.#": "0",
                            "name": "Dynalock_ratelock",
                            "read_capacity": "5",
                            "write_capacity": "5"
                        },
                        "meta": {},
                        "tainted": false
                    },
                    "deposed": [],
                    "provider": ""
                },
                "aws_iam_policy.Dynalock_ratelock": {
                    "type": "aws_iam_policy",
                    "depends_on": [],
                    "primary": {
                        "id": "arn:aws:iam::561759691730:policy/Dynalock_RatelockPolicy",
                        "attributes": {
                            "arn": "arn:aws:iam::561759691730:policy/Dynalock_RatelockPolicy",
                            "description": "policy required for ratelock",
                            "id": "arn:aws:iam::561759691730:policy/Dynalock_RatelockPolicy",
                            "name": "Dynalock_RatelockPolicy",
                            "path": "/",
                            "policy": "{\n    \"Version\": \"2012-10-17\",\n    \"Statement\": [\n        {\n            \"Effect\": \"Allow\",\n            \"Action\": \"iam:CreateUser*\",\n            \"Resource\": \"arn:aws:iam::*:user/dynalock/*\"\n        },\n        {\n            \"Effect\": \"Allow\",\n            \"Action\": \"iam:CreateAccessKeyPair*\",\n            \"Resource\": \"arn:aws:iam::*:user/dynalock/*\"\n        },\n        {\n            \"Effect\": \"Allow\",\n            \"Action\": \"iam:DeleteUser*\",\n            \"Resource\": \"arn:aws:iam::*:user/dynalock/*\"\n        },\n        {\n            \"Effect\": \"Allow\",\n            \"Action\": \"iam:DeleteAccessKey*\",\n            \"Resource\": \"arn:aws:iam::*:user/dynalock/*\"\n        },\n        {\n            \"Effect\": \"Allow\",\n            \"Action\": \"iam:GetUser*\",\n            \"Resource\": \"arn:aws:iam::*:user/dynalock/*\"\n        },\n        {\n            \"Effect\": \"Allow\",\n            \"Action\": \"iam:ListAccessKeys*\",\n            \"Resource\": \"arn:aws:iam::*:user/dynalock/*\"\n        },\n        {\n            \"Effect\": \"Allow\",\n            \"Action\": \"dynamo:*\",\n            \"Resource\": \"arn:aws:dynamodb::*:table/authdb2/*\"\n        }\n    ]\n}"
                        },
                        "meta": {},
                        "tainted": false
                    },
                    "deposed": [],
                    "provider": ""
                },
                "aws_iam_policy_attachment.Dynalock_ratelock": {
                    "type": "aws_iam_policy_attachment",
                    "depends_on": [
                        "aws_iam_policy.Dynalock_ratelock",
                        "aws_iam_role.Dynalock_iam_for_lambda"
                    ],
                    "primary": {
                        "id": "Dynalock_RatelockPolicyAttachment",
                        "attributes": {
                            "groups.#": "0",
                            "id": "Dynalock_RatelockPolicyAttachment",
                            "name": "Dynalock_RatelockPolicyAttachment",
                            "policy_arn": "arn:aws:iam::561759691730:policy/Dynalock_RatelockPolicy",
                            "roles.#": "1",
                            "roles.1631239610": "Dynalock_iam_for_lambda",
                            "users.#": "0"
                        },
                        "meta": {},
                        "tainted": false
                    },
                    "deposed": [],
                    "provider": ""
                },
                "aws_iam_role.Dynalock_iam_for_lambda": {
                    "type": "aws_iam_role",
                    "depends_on": [],
                    "primary": {
                        "id": "Dynalock_iam_for_lambda",
                        "attributes": {
                            "arn": "arn:aws:iam::561759691730:role/Dynalock_iam_for_lambda",
                            "assume_role_policy": "{\n  \"Version\": \"2012-10-17\",\n  \"Statement\": [\n    {\n      \"Action\": \"sts:AssumeRole\",\n      \"Principal\": {\n        \"Service\": \"lambda.amazonaws.com\"\n      },\n      \"Effect\": \"Allow\",\n      \"Sid\": \"\"\n    },\n    {\n      \"Action\": \"sts:AssumeRole\",\n      \"Principal\": {\n        \"Service\": \"dynamodb.amazonaws.com\"\n      },\n      \"Effect\": \"Allow\",\n      \"Sid\": \"\"\n    }\n  ]\n}\n",
                            "id": "Dynalock_iam_for_lambda",
                            "name": "Dynalock_iam_for_lambda",
                            "path": "/",
                            "unique_id": "AROAJFL2HPWZAE3J7VG7E"
                        },
                        "meta": {},
                        "tainted": false
                    },
                    "deposed": [],
                    "provider": ""
                },
                "aws_lambda_function.Dynalock_ratelimit_lambda": {
                    "type": "aws_lambda_function",
                    "depends_on": [
                        "aws_iam_role.Dynalock_iam_for_lambda"
                    ],
                    "primary": {
                        "id": "dynalock",
                        "attributes": {
                            "arn": "arn:aws:lambda:us-east-1:561759691730:function:dynalock",
                            "description": "",
                            "filename": "dynalock.zip",
                            "function_name": "dynalock",
                            "handler": "dynalock.handler",
                            "id": "dynalock",
                            "last_modified": "2016-10-28T00:17:39.319+0000",
                            "memory_size": "128",
                            "publish": "false",
                            "qualified_arn": "arn:aws:lambda:us-east-1:561759691730:function:dynalock:$LATEST",
                            "role": "arn:aws:iam::561759691730:role/Dynalock_iam_for_lambda",
                            "runtime": "python2.7",
                            "source_code_hash": "VssaVk4DPaK1jS7yYPL59871zfoC2y2HMCLIdWS9YFI=",
                            "timeout": "3",
                            "version": "$LATEST"
                        },
                        "meta": {},
                        "tainted": false
                    },
                    "deposed": [],
                    "provider": ""
                }
            },
            "depends_on": []
        }
    ]
}
